
Microsoft Visual Studio Solution File, Format Version 12.00
Project("{FAE04EC0-301F-11D3-BF4B-00C04F79EFBC}") = "NaviaddressProjectServer.Api", "NaviaddressProjectServer.Api\NaviaddressProjectServer.Api.csproj", "{12342C0A-7AB8-4166-8024-A3079569DE0F}"
EndProject
Project("{2150E333-8FDC-42A3-9474-1A3956D46DE8}") = "DataAccess", "DataAccess", "{CDCAD547-3BF3-4AB5-B6C3-6CBF76E25A4C}"
EndProject
Project("{FAE04EC0-301F-11D3-BF4B-00C04F79EFBC}") = "NaviaddressProjectServer.DataAccess.Contract", "NaviaddressProjectServer.DataAccess.Contract\NaviaddressProjectServer.DataAccess.Contract.csproj", "{BA166A6A-26FE-45EA-84D2-4596A6C09DE9}"
EndProject
Project("{FAE04EC0-301F-11D3-BF4B-00C04F79EFBC}") = "NaviaddressProjectServer.DataAccess.EFCore", "NaviaddressProjectServer.DataAccess.EFCore\NaviaddressProjectServer.DataAccess.EFCore.csproj", "{C43609EC-2181-4C7B-B2CB-85B5D27189F5}"
EndProject
Project("{2150E333-8FDC-42A3-9474-1A3956D46DE8}") = "Api", "Api", "{20A17901-EFC1-401B-B489-9D9A7641BE85}"
EndProject
Project("{2150E333-8FDC-42A3-9474-1A3956D46DE8}") = "BusinessLogic", "BusinessLogic", "{333631E0-7AF0-4BA1-AF1F-08647C3DC543}"
EndProject
Project("{FAE04EC0-301F-11D3-BF4B-00C04F79EFBC}") = "NaviaddressProjectServer.BusinessLogic.Contract", "NaviaddressProjectServer.BusinessLogic.Contract\NaviaddressProjectServer.BusinessLogic.Contract.csproj", "{815F0779-2577-4049-B1F1-29FF85396448}"
EndProject
Project("{FAE04EC0-301F-11D3-BF4B-00C04F79EFBC}") = "NaviaddressProjectServer.BusinessLogic", "NaviaddressProjectServer.BusinessLogic\NaviaddressProjectServer.BusinessLogic.csproj", "{5ED456CE-349A-4213-801E-C209398236E3}"
EndProject
Global
	GlobalSection(SolutionConfigurationPlatforms) = preSolution
		Debug|Any CPU = Debug|Any CPU
		Release|Any CPU = Release|Any CPU
	EndGlobalSection
	GlobalSection(ProjectConfigurationPlatforms) = postSolution
		{12342C0A-7AB8-4166-8024-A3079569DE0F}.Debug|Any CPU.ActiveCfg = Debug|Any CPU
		{12342C0A-7AB8-4166-8024-A3079569DE0F}.Debug|Any CPU.Build.0 = Debug|Any CPU
		{12342C0A-7AB8-4166-8024-A3079569DE0F}.Release|Any CPU.ActiveCfg = Release|Any CPU
		{12342C0A-7AB8-4166-8024-A3079569DE0F}.Release|Any CPU.Build.0 = Release|Any CPU
		{BA166A6A-26FE-45EA-84D2-4596A6C09DE9}.Debug|Any CPU.ActiveCfg = Debug|Any CPU
		{BA166A6A-26FE-45EA-84D2-4596A6C09DE9}.Debug|Any CPU.Build.0 = Debug|Any CPU
		{BA166A6A-26FE-45EA-84D2-4596A6C09DE9}.Release|Any CPU.ActiveCfg = Release|Any CPU
		{BA166A6A-26FE-45EA-84D2-4596A6C09DE9}.Release|Any CPU.Build.0 = Release|Any CPU
		{C43609EC-2181-4C7B-B2CB-85B5D27189F5}.Debug|Any CPU.ActiveCfg = Debug|Any CPU
		{C43609EC-2181-4C7B-B2CB-85B5D27189F5}.Debug|Any CPU.Build.0 = Debug|Any CPU
		{C43609EC-2181-4C7B-B2CB-85B5D27189F5}.Release|Any CPU.ActiveCfg = Release|Any CPU
		{C43609EC-2181-4C7B-B2CB-85B5D27189F5}.Release|Any CPU.Build.0 = Release|Any CPU
		{815F0779-2577-4049-B1F1-29FF85396448}.Debug|Any CPU.ActiveCfg = Debug|Any CPU
		{815F0779-2577-4049-B1F1-29FF85396448}.Debug|Any CPU.Build.0 = Debug|Any CPU
		{815F0779-2577-4049-B1F1-29FF85396448}.Release|Any CPU.ActiveCfg = Release|Any CPU
		{815F0779-2577-4049-B1F1-29FF85396448}.Release|Any CPU.Build.0 = Release|Any CPU
		{5ED456CE-349A-4213-801E-C209398236E3}.Debug|Any CPU.ActiveCfg = Debug|Any CPU
		{5ED456CE-349A-4213-801E-C209398236E3}.Debug|Any CPU.Build.0 = Debug|Any CPU
		{5ED456CE-349A-4213-801E-C209398236E3}.Release|Any CPU.ActiveCfg = Release|Any CPU
		{5ED456CE-349A-4213-801E-C209398236E3}.Release|Any CPU.Build.0 = Release|Any CPU
	EndGlobalSection
	GlobalSection(NestedProjects) = preSolution
		{BA166A6A-26FE-45EA-84D2-4596A6C09DE9} = {CDCAD547-3BF3-4AB5-B6C3-6CBF76E25A4C}
		{C43609EC-2181-4C7B-B2CB-85B5D27189F5} = {CDCAD547-3BF3-4AB5-B6C3-6CBF76E25A4C}
		{12342C0A-7AB8-4166-8024-A3079569DE0F} = {20A17901-EFC1-401B-B489-9D9A7641BE85}
		{815F0779-2577-4049-B1F1-29FF85396448} = {333631E0-7AF0-4BA1-AF1F-08647C3DC543}
		{5ED456CE-349A-4213-801E-C209398236E3} = {333631E0-7AF0-4BA1-AF1F-08647C3DC543}
	EndGlobalSection
EndGlobal
